
Microsoft Visual Studio Solution File, Format Version 12.00
Project("{FAE04EC0-301F-11D3-BF4B-00C04F79EFBC}") = "InstallSdkGlobalTool", "src\InstallSdkGlobalTool\InstallSdkGlobalTool.csproj", "{599B9F92-614C-4A51-A4DC-974489F55E2D}"
EndProject
Project("{FAE04EC0-301F-11D3-BF4B-00C04F79EFBC}") = "InstallSdkGlobalTool.Tests", "tests\InstallSdkGlobalTool.Tests\InstallSdkGlobalTool.Tests.csproj", "{A4DEFDD5-EA0A-465D-824D-E5F18783B57E}"
EndProject
Global
	GlobalSection(SolutionConfigurationPlatforms) = preSolution
		Debug|Any CPU = Debug|Any CPU
		Release|Any CPU = Release|Any CPU
	EndGlobalSection
	GlobalSection(ProjectConfigurationPlatforms) = postSolution
		{599B9F92-614C-4A51-A4DC-974489F55E2D}.Debug|Any CPU.ActiveCfg = Debug|Any CPU
		{599B9F92-614C-4A51-A4DC-974489F55E2D}.Debug|Any CPU.Build.0 = Debug|Any CPU
		{599B9F92-614C-4A51-A4DC-974489F55E2D}.Release|Any CPU.ActiveCfg = Release|Any CPU
		{599B9F92-614C-4A51-A4DC-974489F55E2D}.Release|Any CPU.Build.0 = Release|Any CPU
		{A4DEFDD5-EA0A-465D-824D-E5F18783B57E}.Debug|Any CPU.ActiveCfg = Debug|Any CPU
		{A4DEFDD5-EA0A-465D-824D-E5F18783B57E}.Debug|Any CPU.Build.0 = Debug|Any CPU
		{A4DEFDD5-EA0A-465D-824D-E5F18783B57E}.Release|Any CPU.ActiveCfg = Release|Any CPU
		{A4DEFDD5-EA0A-465D-824D-E5F18783B57E}.Release|Any CPU.Build.0 = Release|Any CPU
	EndGlobalSection
EndGlobal
